
Microsoft Visual Studio Solution File, Format Version 12.00
# Visual Studio Version 17
VisualStudioVersion = 17.13.35825.156 d17.13
MinimumVisualStudioVersion = 10.0.40219.1
Project("{FAE04EC0-301F-11D3-BF4B-00C04F79EFBC}") = "RestaurantMvcApp", "RestaurantMvcApp\RestaurantMvcApp.csproj", "{A89121EA-A0F3-48C7-B9D5-8F095D08F65F}"
EndProject
Global
	GlobalSection(SolutionConfigurationPlatforms) = preSolution
		Debug|Any CPU = Debug|Any CPU
		Release|Any CPU = Release|Any CPU
	EndGlobalSection
	GlobalSection(ProjectConfigurationPlatforms) = postSolution
		{A89121EA-A0F3-48C7-B9D5-8F095D08F65F}.Debug|Any CPU.ActiveCfg = Debug|Any CPU
		{A89121EA-A0F3-48C7-B9D5-8F095D08F65F}.Debug|Any CPU.Build.0 = Debug|Any CPU
		{A89121EA-A0F3-48C7-B9D5-8F095D08F65F}.Release|Any CPU.ActiveCfg = Release|Any CPU
		{A89121EA-A0F3-48C7-B9D5-8F095D08F65F}.Release|Any CPU.Build.0 = Release|Any CPU
	EndGlobalSection
	GlobalSection(SolutionProperties) = preSolution
		HideSolutionNode = FALSE
	EndGlobalSection
	GlobalSection(ExtensibilityGlobals) = postSolution
		SolutionGuid = {EE84456D-4BB6-4B11-A88A-83AD0181406E}
	EndGlobalSection
EndGlobal
